
Microsoft Visual Studio Solution File, Format Version 12.00
# Visual Studio Version 16
VisualStudioVersion = 16.0.30114.105
MinimumVisualStudioVersion = 10.0.40219.1
Project("{2150E333-8FDC-42A3-9474-1A3956D46DE8}") = "src", "src", "{CA420DD2-B66E-4723-BCDB-BEE0421415E0}"
EndProject
Project("{FAE04EC0-301F-11D3-BF4B-00C04F79EFBC}") = "CleanArchitectureTest.Domain", "src\CleanArchitectureTest.Domain\CleanArchitectureTest.Domain.csproj", "{08A2FA42-B422-4EF6-8767-D7386DBE8C8A}"
EndProject
Project("{FAE04EC0-301F-11D3-BF4B-00C04F79EFBC}") = "CleanArchitectureTest.Application", "src\CleanArchitectureTest.Application\CleanArchitectureTest.Application.csproj", "{3383EE1B-C98D-496C-8ADC-76644F315BEF}"
EndProject
Project("{FAE04EC0-301F-11D3-BF4B-00C04F79EFBC}") = "CleanArchitectureTest.Infrastructure", "src\CleanArchitectureTest.Infrastructure\CleanArchitectureTest.Infrastructure.csproj", "{7BDB3A05-AAA0-48B0-9DE8-5526ED8B7F38}"
EndProject
Project("{FAE04EC0-301F-11D3-BF4B-00C04F79EFBC}") = "CleanArchitectureTest.Server", "src\CleanArchitectureTest.Server\CleanArchitectureTest.Server.csproj", "{E6D8B606-856E-42DB-A58D-E7FF94D63B7B}"
EndProject
Project("{FAE04EC0-301F-11D3-BF4B-00C04F79EFBC}") = "CleanArchitectureTest.Client", "src\CleanArchitectureTest.Client\CleanArchitectureTest.Client.csproj", "{5F3A15BD-A4AB-4F4B-9B0F-0411EA85EAED}"
EndProject
Global
	GlobalSection(SolutionConfigurationPlatforms) = preSolution
		Debug|Any CPU = Debug|Any CPU
		Debug|x64 = Debug|x64
		Debug|x86 = Debug|x86
		Release|Any CPU = Release|Any CPU
		Release|x64 = Release|x64
		Release|x86 = Release|x86
	EndGlobalSection
	GlobalSection(SolutionProperties) = preSolution
		HideSolutionNode = FALSE
	EndGlobalSection
	GlobalSection(ProjectConfigurationPlatforms) = postSolution
		{08A2FA42-B422-4EF6-8767-D7386DBE8C8A}.Debug|Any CPU.ActiveCfg = Debug|Any CPU
		{08A2FA42-B422-4EF6-8767-D7386DBE8C8A}.Debug|Any CPU.Build.0 = Debug|Any CPU
		{08A2FA42-B422-4EF6-8767-D7386DBE8C8A}.Debug|x64.ActiveCfg = Debug|Any CPU
		{08A2FA42-B422-4EF6-8767-D7386DBE8C8A}.Debug|x64.Build.0 = Debug|Any CPU
		{08A2FA42-B422-4EF6-8767-D7386DBE8C8A}.Debug|x86.ActiveCfg = Debug|Any CPU
		{08A2FA42-B422-4EF6-8767-D7386DBE8C8A}.Debug|x86.Build.0 = Debug|Any CPU
		{08A2FA42-B422-4EF6-8767-D7386DBE8C8A}.Release|Any CPU.ActiveCfg = Release|Any CPU
		{08A2FA42-B422-4EF6-8767-D7386DBE8C8A}.Release|Any CPU.Build.0 = Release|Any CPU
		{08A2FA42-B422-4EF6-8767-D7386DBE8C8A}.Release|x64.ActiveCfg = Release|Any CPU
		{08A2FA42-B422-4EF6-8767-D7386DBE8C8A}.Release|x64.Build.0 = Release|Any CPU
		{08A2FA42-B422-4EF6-8767-D7386DBE8C8A}.Release|x86.ActiveCfg = Release|Any CPU
		{08A2FA42-B422-4EF6-8767-D7386DBE8C8A}.Release|x86.Build.0 = Release|Any CPU
		{3383EE1B-C98D-496C-8ADC-76644F315BEF}.Debug|Any CPU.ActiveCfg = Debug|Any CPU
		{3383EE1B-C98D-496C-8ADC-76644F315BEF}.Debug|Any CPU.Build.0 = Debug|Any CPU
		{3383EE1B-C98D-496C-8ADC-76644F315BEF}.Debug|x64.ActiveCfg = Debug|Any CPU
		{3383EE1B-C98D-496C-8ADC-76644F315BEF}.Debug|x64.Build.0 = Debug|Any CPU
		{3383EE1B-C98D-496C-8ADC-76644F315BEF}.Debug|x86.ActiveCfg = Debug|Any CPU
		{3383EE1B-C98D-496C-8ADC-76644F315BEF}.Debug|x86.Build.0 = Debug|Any CPU
		{3383EE1B-C98D-496C-8ADC-76644F315BEF}.Release|Any CPU.ActiveCfg = Release|Any CPU
		{3383EE1B-C98D-496C-8ADC-76644F315BEF}.Release|Any CPU.Build.0 = Release|Any CPU
		{3383EE1B-C98D-496C-8ADC-76644F315BEF}.Release|x64.ActiveCfg = Release|Any CPU
		{3383EE1B-C98D-496C-8ADC-76644F315BEF}.Release|x64.Build.0 = Release|Any CPU
		{3383EE1B-C98D-496C-8ADC-76644F315BEF}.Release|x86.ActiveCfg = Release|Any CPU
		{3383EE1B-C98D-496C-8ADC-76644F315BEF}.Release|x86.Build.0 = Release|Any CPU
		{7BDB3A05-AAA0-48B0-9DE8-5526ED8B7F38}.Debug|Any CPU.ActiveCfg = Debug|Any CPU
		{7BDB3A05-AAA0-48B0-9DE8-5526ED8B7F38}.Debug|Any CPU.Build.0 = Debug|Any CPU
		{7BDB3A05-AAA0-48B0-9DE8-5526ED8B7F38}.Debug|x64.ActiveCfg = Debug|Any CPU
		{7BDB3A05-AAA0-48B0-9DE8-5526ED8B7F38}.Debug|x64.Build.0 = Debug|Any CPU
		{7BDB3A05-AAA0-48B0-9DE8-5526ED8B7F38}.Debug|x86.ActiveCfg = Debug|Any CPU
		{7BDB3A05-AAA0-48B0-9DE8-5526ED8B7F38}.Debug|x86.Build.0 = Debug|Any CPU
		{7BDB3A05-AAA0-48B0-9DE8-5526ED8B7F38}.Release|Any CPU.ActiveCfg = Release|Any CPU
		{7BDB3A05-AAA0-48B0-9DE8-5526ED8B7F38}.Release|Any CPU.Build.0 = Release|Any CPU
		{7BDB3A05-AAA0-48B0-9DE8-5526ED8B7F38}.Release|x64.ActiveCfg = Release|Any CPU
		{7BDB3A05-AAA0-48B0-9DE8-5526ED8B7F38}.Release|x64.Build.0 = Release|Any CPU
		{7BDB3A05-AAA0-48B0-9DE8-5526ED8B7F38}.Release|x86.ActiveCfg = Release|Any CPU
		{7BDB3A05-AAA0-48B0-9DE8-5526ED8B7F38}.Release|x86.Build.0 = Release|Any CPU
		{E6D8B606-856E-42DB-A58D-E7FF94D63B7B}.Debug|Any CPU.ActiveCfg = Debug|Any CPU
		{E6D8B606-856E-42DB-A58D-E7FF94D63B7B}.Debug|Any CPU.Build.0 = Debug|Any CPU
		{E6D8B606-856E-42DB-A58D-E7FF94D63B7B}.Debug|x64.ActiveCfg = Debug|Any CPU
		{E6D8B606-856E-42DB-A58D-E7FF94D63B7B}.Debug|x64.Build.0 = Debug|Any CPU
		{E6D8B606-856E-42DB-A58D-E7FF94D63B7B}.Debug|x86.ActiveCfg = Debug|Any CPU
		{E6D8B606-856E-42DB-A58D-E7FF94D63B7B}.Debug|x86.Build.0 = Debug|Any CPU
		{E6D8B606-856E-42DB-A58D-E7FF94D63B7B}.Release|Any CPU.ActiveCfg = Release|Any CPU
		{E6D8B606-856E-42DB-A58D-E7FF94D63B7B}.Release|Any CPU.Build.0 = Release|Any CPU
		{E6D8B606-856E-42DB-A58D-E7FF94D63B7B}.Release|x64.ActiveCfg = Release|Any CPU
		{E6D8B606-856E-42DB-A58D-E7FF94D63B7B}.Release|x64.Build.0 = Release|Any CPU
		{E6D8B606-856E-42DB-A58D-E7FF94D63B7B}.Release|x86.ActiveCfg = Release|Any CPU
		{E6D8B606-856E-42DB-A58D-E7FF94D63B7B}.Release|x86.Build.0 = Release|Any CPU
		{5F3A15BD-A4AB-4F4B-9B0F-0411EA85EAED}.Debug|Any CPU.ActiveCfg = Debug|Any CPU
		{5F3A15BD-A4AB-4F4B-9B0F-0411EA85EAED}.Debug|Any CPU.Build.0 = Debug|Any CPU
		{5F3A15BD-A4AB-4F4B-9B0F-0411EA85EAED}.Debug|x64.ActiveCfg = Debug|Any CPU
		{5F3A15BD-A4AB-4F4B-9B0F-0411EA85EAED}.Debug|x64.Build.0 = Debug|Any CPU
		{5F3A15BD-A4AB-4F4B-9B0F-0411EA85EAED}.Debug|x86.ActiveCfg = Debug|Any CPU
		{5F3A15BD-A4AB-4F4B-9B0F-0411EA85EAED}.Debug|x86.Build.0 = Debug|Any CPU
		{5F3A15BD-A4AB-4F4B-9B0F-0411EA85EAED}.Release|Any CPU.ActiveCfg = Release|Any CPU
		{5F3A15BD-A4AB-4F4B-9B0F-0411EA85EAED}.Release|Any CPU.Build.0 = Release|Any CPU
		{5F3A15BD-A4AB-4F4B-9B0F-0411EA85EAED}.Release|x64.ActiveCfg = Release|Any CPU
		{5F3A15BD-A4AB-4F4B-9B0F-0411EA85EAED}.Release|x64.Build.0 = Release|Any CPU
		{5F3A15BD-A4AB-4F4B-9B0F-0411EA85EAED}.Release|x86.ActiveCfg = Release|Any CPU
		{5F3A15BD-A4AB-4F4B-9B0F-0411EA85EAED}.Release|x86.Build.0 = Release|Any CPU
	EndGlobalSection
	GlobalSection(NestedProjects) = preSolution
		{08A2FA42-B422-4EF6-8767-D7386DBE8C8A} = {CA420DD2-B66E-4723-BCDB-BEE0421415E0}
		{3383EE1B-C98D-496C-8ADC-76644F315BEF} = {CA420DD2-B66E-4723-BCDB-BEE0421415E0}
		{7BDB3A05-AAA0-48B0-9DE8-5526ED8B7F38} = {CA420DD2-B66E-4723-BCDB-BEE0421415E0}
		{E6D8B606-856E-42DB-A58D-E7FF94D63B7B} = {CA420DD2-B66E-4723-BCDB-BEE0421415E0}
		{5F3A15BD-A4AB-4F4B-9B0F-0411EA85EAED} = {CA420DD2-B66E-4723-BCDB-BEE0421415E0}
	EndGlobalSection
EndGlobal
